// !$*UTF8*$!
{
	archiveVersion = 1;
	classes = {
	};
	objectVersion = 51;
	objects = {

/* Begin PBXBuildFile section */
		5E61239925CF645200B23084 /* ProfileViewController.swift in Sources */ = {isa = PBXBuildFile; fileRef = 5E61239825CF645200B23084 /* ProfileViewController.swift */; };
		5E61239D25CF646E00B23084 /* CameraViewController.swift in Sources */ = {isa = PBXBuildFile; fileRef = 5E61239C25CF646E00B23084 /* CameraViewController.swift */; };
		5E6123A025CF647900B23084 /* NotificationViewController.swift in Sources */ = {isa = PBXBuildFile; fileRef = 5E61239F25CF647900B23084 /* NotificationViewController.swift */; };
		5E6123A325CF648500B23084 /* ExploreViewController.swift in Sources */ = {isa = PBXBuildFile; fileRef = 5E6123A225CF648500B23084 /* ExploreViewController.swift */; };
		5E6123A725CF64A900B23084 /* SignInViewController.swift in Sources */ = {isa = PBXBuildFile; fileRef = 5E6123A625CF64A900B23084 /* SignInViewController.swift */; };
		5E6123AB25CF64B300B23084 /* SignUpViewController.swift in Sources */ = {isa = PBXBuildFile; fileRef = 5E6123AA25CF64B200B23084 /* SignUpViewController.swift */; };
		5E6123AE25CF64BE00B23084 /* SttingsViewController.swift in Sources */ = {isa = PBXBuildFile; fileRef = 5E6123AD25CF64BE00B23084 /* SttingsViewController.swift */; };
		5E6123B125CF64D500B23084 /* UserListViewController.swift in Sources */ = {isa = PBXBuildFile; fileRef = 5E6123B025CF64D500B23084 /* UserListViewController.swift */; };
		5E6123B425CF651000B23084 /* TabBarViewController.swift in Sources */ = {isa = PBXBuildFile; fileRef = 5E6123B325CF651000B23084 /* TabBarViewController.swift */; };
		5E6123B725CF655F00B23084 /* PostViewController.swift in Sources */ = {isa = PBXBuildFile; fileRef = 5E6123B625CF655F00B23084 /* PostViewController.swift */; };
		5E6123BC25CF662B00B23084 /* APICaller.swift in Sources */ = {isa = PBXBuildFile; fileRef = 5E6123BB25CF662B00B23084 /* APICaller.swift */; };
		5E6123BF25CF663F00B23084 /* DatabaseManager.swift in Sources */ = {isa = PBXBuildFile; fileRef = 5E6123BE25CF663F00B23084 /* DatabaseManager.swift */; };
		5E6123C225CF664C00B23084 /* StorageManager.swift in Sources */ = {isa = PBXBuildFile; fileRef = 5E6123C125CF664C00B23084 /* StorageManager.swift */; };
		5E6123C525CF665D00B23084 /* AuthenticationManager.swift in Sources */ = {isa = PBXBuildFile; fileRef = 5E6123C425CF665D00B23084 /* AuthenticationManager.swift */; };
		5E6123C825CF666800B23084 /* HapticManager.swift in Sources */ = {isa = PBXBuildFile; fileRef = 5E6123C725CF666800B23084 /* HapticManager.swift */; };
		5E85F43425CF5DF20064AC50 /* Assets.xcassets in Resources */ = {isa = PBXBuildFile; fileRef = 5E85F43325CF5DF20064AC50 /* Assets.xcassets */; };
		5EF0057425CF6E700032A5CA /* GoogleService-Info.plist in Resources */ = {isa = PBXBuildFile; fileRef = 5EF0057325CF6E700032A5CA /* GoogleService-Info.plist */; };
		5EF95F8025CF4373008FB214 /* AppDelegate.swift in Sources */ = {isa = PBXBuildFile; fileRef = 5EF95F7F25CF4373008FB214 /* AppDelegate.swift */; };
		5EF95F8225CF4373008FB214 /* SceneDelegate.swift in Sources */ = {isa = PBXBuildFile; fileRef = 5EF95F8125CF4373008FB214 /* SceneDelegate.swift */; };
		5EF95F8425CF4373008FB214 /* HomeViewController.swift in Sources */ = {isa = PBXBuildFile; fileRef = 5EF95F8325CF4373008FB214 /* HomeViewController.swift */; };
		5EF95F8C25CF4377008FB214 /* LaunchScreen.storyboard in Resources */ = {isa = PBXBuildFile; fileRef = 5EF95F8A25CF4377008FB214 /* LaunchScreen.storyboard */; };
		9C1F15A631D9E2D21E72DA18 /* Pods_TikTok_Clone.framework in Frameworks */ = {isa = PBXBuildFile; fileRef = FBA19540525AFCB1958FF098 /* Pods_TikTok_Clone.framework */; };
/* End PBXBuildFile section */

/* Begin PBXFileReference section */
		5E61239825CF645200B23084 /* ProfileViewController.swift */ = {isa = PBXFileReference; lastKnownFileType = sourcecode.swift; path = ProfileViewController.swift; sourceTree = "<group>"; };
		5E61239C25CF646E00B23084 /* CameraViewController.swift */ = {isa = PBXFileReference; lastKnownFileType = sourcecode.swift; path = CameraViewController.swift; sourceTree = "<group>"; };
		5E61239F25CF647900B23084 /* NotificationViewController.swift */ = {isa = PBXFileReference; lastKnownFileType = sourcecode.swift; path = NotificationViewController.swift; sourceTree = "<group>"; };
		5E6123A225CF648500B23084 /* ExploreViewController.swift */ = {isa = PBXFileReference; lastKnownFileType = sourcecode.swift; path = ExploreViewController.swift; sourceTree = "<group>"; };
		5E6123A625CF64A900B23084 /* SignInViewController.swift */ = {isa = PBXFileReference; lastKnownFileType = sourcecode.swift; path = SignInViewController.swift; sourceTree = "<group>"; };
		5E6123AA25CF64B200B23084 /* SignUpViewController.swift */ = {isa = PBXFileReference; lastKnownFileType = sourcecode.swift; path = SignUpViewController.swift; sourceTree = "<group>"; };
		5E6123AD25CF64BE00B23084 /* SttingsViewController.swift */ = {isa = PBXFileReference; lastKnownFileType = sourcecode.swift; path = SttingsViewController.swift; sourceTree = "<group>"; };
		5E6123B025CF64D500B23084 /* UserListViewController.swift */ = {isa = PBXFileReference; lastKnownFileType = sourcecode.swift; path = UserListViewController.swift; sourceTree = "<group>"; };
		5E6123B325CF651000B23084 /* TabBarViewController.swift */ = {isa = PBXFileReference; lastKnownFileType = sourcecode.swift; path = TabBarViewController.swift; sourceTree = "<group>"; };
		5E6123B625CF655F00B23084 /* PostViewController.swift */ = {isa = PBXFileReference; lastKnownFileType = sourcecode.swift; path = PostViewController.swift; sourceTree = "<group>"; };
		5E6123BB25CF662B00B23084 /* APICaller.swift */ = {isa = PBXFileReference; lastKnownFileType = sourcecode.swift; path = APICaller.swift; sourceTree = "<group>"; };
		5E6123BE25CF663F00B23084 /* DatabaseManager.swift */ = {isa = PBXFileReference; lastKnownFileType = sourcecode.swift; path = DatabaseManager.swift; sourceTree = "<group>"; };
		5E6123C125CF664C00B23084 /* StorageManager.swift */ = {isa = PBXFileReference; lastKnownFileType = sourcecode.swift; path = StorageManager.swift; sourceTree = "<group>"; };
		5E6123C425CF665D00B23084 /* AuthenticationManager.swift */ = {isa = PBXFileReference; lastKnownFileType = sourcecode.swift; path = AuthenticationManager.swift; sourceTree = "<group>"; };
		5E6123C725CF666800B23084 /* HapticManager.swift */ = {isa = PBXFileReference; lastKnownFileType = sourcecode.swift; path = HapticManager.swift; sourceTree = "<group>"; };
		5E85F43325CF5DF20064AC50 /* Assets.xcassets */ = {isa = PBXFileReference; lastKnownFileType = folder.assetcatalog; name = Assets.xcassets; path = ../../BitCoinPices/BitCoinPices/Assets.xcassets; sourceTree = "<group>"; };
		5EF0057325CF6E700032A5CA /* GoogleService-Info.plist */ = {isa = PBXFileReference; fileEncoding = 4; lastKnownFileType = text.plist.xml; name = "GoogleService-Info.plist"; path = "../../../../Downloads/GoogleService-Info.plist"; sourceTree = "<group>"; };
		5EF95F7C25CF4373008FB214 /* TikTok-Clone.app */ = {isa = PBXFileReference; explicitFileType = wrapper.application; includeInIndex = 0; path = "TikTok-Clone.app"; sourceTree = BUILT_PRODUCTS_DIR; };
		5EF95F7F25CF4373008FB214 /* AppDelegate.swift */ = {isa = PBXFileReference; lastKnownFileType = sourcecode.swift; path = AppDelegate.swift; sourceTree = "<group>"; };
		5EF95F8125CF4373008FB214 /* SceneDelegate.swift */ = {isa = PBXFileReference; lastKnownFileType = sourcecode.swift; path = SceneDelegate.swift; sourceTree = "<group>"; };
		5EF95F8325CF4373008FB214 /* HomeViewController.swift */ = {isa = PBXFileReference; lastKnownFileType = sourcecode.swift; path = HomeViewController.swift; sourceTree = "<group>"; };
		5EF95F8B25CF4377008FB214 /* Base */ = {isa = PBXFileReference; lastKnownFileType = file.storyboard; name = Base; path = Base.lproj/LaunchScreen.storyboard; sourceTree = "<group>"; };
		5EF95F8D25CF4377008FB214 /* Info.plist */ = {isa = PBXFileReference; lastKnownFileType = text.plist.xml; path = Info.plist; sourceTree = "<group>"; };
		CC54CF342231486298437E15 /* Pods-TikTok-Clone.release.xcconfig */ = {isa = PBXFileReference; includeInIndex = 1; lastKnownFileType = text.xcconfig; name = "Pods-TikTok-Clone.release.xcconfig"; path = "Target Support Files/Pods-TikTok-Clone/Pods-TikTok-Clone.release.xcconfig"; sourceTree = "<group>"; };
		DE2B46AAA4E5B1DFA8DC00B1 /* Pods-TikTok-Clone.debug.xcconfig */ = {isa = PBXFileReference; includeInIndex = 1; lastKnownFileType = text.xcconfig; name = "Pods-TikTok-Clone.debug.xcconfig"; path = "Target Support Files/Pods-TikTok-Clone/Pods-TikTok-Clone.debug.xcconfig"; sourceTree = "<group>"; };
		FBA19540525AFCB1958FF098 /* Pods_TikTok_Clone.framework */ = {isa = PBXFileReference; explicitFileType = wrapper.framework; includeInIndex = 0; path = Pods_TikTok_Clone.framework; sourceTree = BUILT_PRODUCTS_DIR; };
/* End PBXFileReference section */

/* Begin PBXFrameworksBuildPhase section */
		5EF95F7925CF4373008FB214 /* Frameworks */ = {
			isa = PBXFrameworksBuildPhase;
			buildActionMask = 2147483647;
			files = (
				9C1F15A631D9E2D21E72DA18 /* Pods_TikTok_Clone.framework in Frameworks */,
			);
			runOnlyForDeploymentPostprocessing = 0;
		};
/* End PBXFrameworksBuildPhase section */

/* Begin PBXGroup section */
		106E62C11FDD88F750FA56EE /* Pods */ = {
			isa = PBXGroup;
			children = (
				DE2B46AAA4E5B1DFA8DC00B1 /* Pods-TikTok-Clone.debug.xcconfig */,
				CC54CF342231486298437E15 /* Pods-TikTok-Clone.release.xcconfig */,
			);
			path = Pods;
			sourceTree = "<group>";
		};
		4F2F39D3A4E0B5E08419789B /* Frameworks */ = {
			isa = PBXGroup;
			children = (
				FBA19540525AFCB1958FF098 /* Pods_TikTok_Clone.framework */,
			);
			name = Frameworks;
			sourceTree = "<group>";
		};
		5E61239725CF639D00B23084 /* Core */ = {
			isa = PBXGroup;
			children = (
				5EF95F8325CF4373008FB214 /* HomeViewController.swift */,
				5E61239825CF645200B23084 /* ProfileViewController.swift */,
				5E61239C25CF646E00B23084 /* CameraViewController.swift */,
				5E61239F25CF647900B23084 /* NotificationViewController.swift */,
				5E6123A225CF648500B23084 /* ExploreViewController.swift */,
			);
			path = Core;
			sourceTree = "<group>";
		};
		5E6123A525CF649B00B23084 /* Other */ = {
			isa = PBXGroup;
			children = (
				5E6123A625CF64A900B23084 /* SignInViewController.swift */,
				5E6123AA25CF64B200B23084 /* SignUpViewController.swift */,
				5E6123AD25CF64BE00B23084 /* SttingsViewController.swift */,
				5E6123B025CF64D500B23084 /* UserListViewController.swift */,
				5E6123B325CF651000B23084 /* TabBarViewController.swift */,
				5E6123B625CF655F00B23084 /* PostViewController.swift */,
			);
			path = Other;
			sourceTree = "<group>";
		};
		5E6123B925CF656500B23084 /* StoryBoard */ = {
			isa = PBXGroup;
			children = (
				5EF95F8A25CF4377008FB214 /* LaunchScreen.storyboard */,
			);
			path = StoryBoard;
			sourceTree = "<group>";
		};
		5E6123BA25CF656E00B23084 /* Other */ = {
			isa = PBXGroup;
			children = (
			);
			path = Other;
			sourceTree = "<group>";
		};
		5EE13AB325CF687E003EEDC3 /* Model */ = {
			isa = PBXGroup;
			children = (
			);
			path = Model;
			sourceTree = "<group>";
		};
		5EF95F7325CF4373008FB214 = {
			isa = PBXGroup;
			children = (
				5EF95F7E25CF4373008FB214 /* TikTok-Clone */,
				5EF95F7D25CF4373008FB214 /* Products */,
				106E62C11FDD88F750FA56EE /* Pods */,
				4F2F39D3A4E0B5E08419789B /* Frameworks */,
			);
			sourceTree = "<group>";
		};
		5EF95F7D25CF4373008FB214 /* Products */ = {
			isa = PBXGroup;
			children = (
				5EF95F7C25CF4373008FB214 /* TikTok-Clone.app */,
			);
			name = Products;
			sourceTree = "<group>";
		};
		5EF95F7E25CF4373008FB214 /* TikTok-Clone */ = {
			isa = PBXGroup;
			children = (
				5EE13AB325CF687E003EEDC3 /* Model */,
				5EF95F9D25CF532C008FB214 /* Managers */,
				5EF95F9925CF5324008FB214 /* Views */,
				5EF95F9B25CF5328008FB214 /* ViewModel */,
				5EF95F9A25CF5326008FB214 /* Controllers */,
				5EF95F9E25CF5355008FB214 /* Resources */,
				5E85F43325CF5DF20064AC50 /* Assets.xcassets */,
				5EF95F8D25CF4377008FB214 /* Info.plist */,
			);
			path = "TikTok-Clone";
			sourceTree = "<group>";
		};
		5EF95F9925CF5324008FB214 /* Views */ = {
			isa = PBXGroup;
			children = (
				5E6123BA25CF656E00B23084 /* Other */,
				5E6123B925CF656500B23084 /* StoryBoard */,
			);
			path = Views;
			sourceTree = "<group>";
		};
		5EF95F9A25CF5326008FB214 /* Controllers */ = {
			isa = PBXGroup;
			children = (
				5E6123A525CF649B00B23084 /* Other */,
				5E61239725CF639D00B23084 /* Core */,
			);
			path = Controllers;
			sourceTree = "<group>";
		};
		5EF95F9B25CF5328008FB214 /* ViewModel */ = {
			isa = PBXGroup;
			children = (
			);
			path = ViewModel;
			sourceTree = "<group>";
		};
		5EF95F9D25CF532C008FB214 /* Managers */ = {
			isa = PBXGroup;
			children = (
				5E6123BB25CF662B00B23084 /* APICaller.swift */,
				5E6123BE25CF663F00B23084 /* DatabaseManager.swift */,
				5E6123C125CF664C00B23084 /* StorageManager.swift */,
				5E6123C425CF665D00B23084 /* AuthenticationManager.swift */,
				5E6123C725CF666800B23084 /* HapticManager.swift */,
			);
			path = Managers;
			sourceTree = "<group>";
		};
		5EF95F9E25CF5355008FB214 /* Resources */ = {
			isa = PBXGroup;
			children = (
				5EF0057325CF6E700032A5CA /* GoogleService-Info.plist */,
				5EF95F7F25CF4373008FB214 /* AppDelegate.swift */,
				5EF95F8125CF4373008FB214 /* SceneDelegate.swift */,
			);
			path = Resources;
			sourceTree = "<group>";
		};
/* End PBXGroup section */

/* Begin PBXNativeTarget section */
		5EF95F7B25CF4373008FB214 /* TikTok-Clone */ = {
			isa = PBXNativeTarget;
			buildConfigurationList = 5EF95F9025CF4377008FB214 /* Build configuration list for PBXNativeTarget "TikTok-Clone" */;
			buildPhases = (
				F9140F966E4681F2778270AD /* [CP] Check Pods Manifest.lock */,
				5EF95F7825CF4373008FB214 /* Sources */,
				5EF95F7925CF4373008FB214 /* Frameworks */,
				5EF95F7A25CF4373008FB214 /* Resources */,
				07875F6AE642CAA1479D26BA /* [CP] Embed Pods Frameworks */,
				5EF0057625CF73110032A5CA /* ShellScript */,
			);
			buildRules = (
			);
			dependencies = (
			);
			name = "TikTok-Clone";
			productName = "TikTok-Clone";
			productReference = 5EF95F7C25CF4373008FB214 /* TikTok-Clone.app */;
			productType = "com.apple.product-type.application";
		};
/* End PBXNativeTarget section */

/* Begin PBXProject section */
		5EF95F7425CF4373008FB214 /* Project object */ = {
			isa = PBXProject;
			attributes = {
				LastSwiftUpdateCheck = 1230;
				LastUpgradeCheck = 1230;
				TargetAttributes = {
					5EF95F7B25CF4373008FB214 = {
						CreatedOnToolsVersion = 12.3;
					};
				};
			};
			buildConfigurationList = 5EF95F7725CF4373008FB214 /* Build configuration list for PBXProject "TikTok-Clone" */;
			compatibilityVersion = "Xcode 9.3";
			developmentRegion = en;
			hasScannedForEncodings = 0;
			knownRegions = (
				en,
				Base,
			);
			mainGroup = 5EF95F7325CF4373008FB214;
			productRefGroup = 5EF95F7D25CF4373008FB214 /* Products */;
			projectDirPath = "";
			projectRoot = "";
			targets = (
				5EF95F7B25CF4373008FB214 /* TikTok-Clone */,
			);
		};
/* End PBXProject section */

/* Begin PBXResourcesBuildPhase section */
		5EF95F7A25CF4373008FB214 /* Resources */ = {
			isa = PBXResourcesBuildPhase;
			buildActionMask = 2147483647;
			files = (
				5E85F43425CF5DF20064AC50 /* Assets.xcassets in Resources */,
				5EF95F8C25CF4377008FB214 /* LaunchScreen.storyboard in Resources */,
				5EF0057425CF6E700032A5CA /* GoogleService-Info.plist in Resources */,
			);
			runOnlyForDeploymentPostprocessing = 0;
		};
/* End PBXResourcesBuildPhase section */

/* Begin PBXShellScriptBuildPhase section */
		07875F6AE642CAA1479D26BA /* [CP] Embed Pods Frameworks */ = {
			isa = PBXShellScriptBuildPhase;
			buildActionMask = 2147483647;
			files = (
			);
			inputFileListPaths = (
				"${PODS_ROOT}/Target Support Files/Pods-TikTok-Clone/Pods-TikTok-Clone-frameworks-${CONFIGURATION}-input-files.xcfilelist",
			);
			name = "[CP] Embed Pods Frameworks";
			outputFileListPaths = (
				"${PODS_ROOT}/Target Support Files/Pods-TikTok-Clone/Pods-TikTok-Clone-frameworks-${CONFIGURATION}-output-files.xcfilelist",
			);
			runOnlyForDeploymentPostprocessing = 0;
			shellPath = /bin/sh;
			shellScript = "\"${PODS_ROOT}/Target Support Files/Pods-TikTok-Clone/Pods-TikTok-Clone-frameworks.sh\"\n";
			showEnvVarsInLog = 0;
		};
		5EF0057625CF73110032A5CA /* ShellScript */ = {
			isa = PBXShellScriptBuildPhase;
			buildActionMask = 2147483647;
			files = (
			);
			inputFileListPaths = (
			);
			inputPaths = (
			);
			outputFileListPaths = (
			);
			outputPaths = (
			);
			runOnlyForDeploymentPostprocessing = 0;
			shellPath = /bin/sh;
			shellScript = "\"${PODS_ROOT}/FirebaseCrashlytics/run\"\n";
		};
		F9140F966E4681F2778270AD /* [CP] Check Pods Manifest.lock */ = {
			isa = PBXShellScriptBuildPhase;
			buildActionMask = 2147483647;
			files = (
			);
			inputFileListPaths = (
			);
			inputPaths = (
				"${PODS_PODFILE_DIR_PATH}/Podfile.lock",
				"${PODS_ROOT}/Manifest.lock",
			);
			name = "[CP] Check Pods Manifest.lock";
			outputFileListPaths = (
			);
			outputPaths = (
				"$(DERIVED_FILE_DIR)/Pods-TikTok-Clone-checkManifestLockResult.txt",
			);
			runOnlyForDeploymentPostprocessing = 0;
			shellPath = /bin/sh;
			shellScript = "diff \"${PODS_PODFILE_DIR_PATH}/Podfile.lock\" \"${PODS_ROOT}/Manifest.lock\" > /dev/null\nif [ $? != 0 ] ; then\n    # print error to STDERR\n    echo \"error: The sandbox is not in sync with the Podfile.lock. Run 'pod install' or update your CocoaPods installation.\" >&2\n    exit 1\nfi\n# This output is used by Xcode 'outputs' to avoid re-running this script phase.\necho \"SUCCESS\" > \"${SCRIPT_OUTPUT_FILE_0}\"\n";
			showEnvVarsInLog = 0;
		};
/* End PBXShellScriptBuildPhase section */

/* Begin PBXSourcesBuildPhase section */
		5EF95F7825CF4373008FB214 /* Sources */ = {
			isa = PBXSourcesBuildPhase;
			buildActionMask = 2147483647;
			files = (
				5EF95F8425CF4373008FB214 /* HomeViewController.swift in Sources */,
				5E6123B125CF64D500B23084 /* UserListViewController.swift in Sources */,
				5E6123BF25CF663F00B23084 /* DatabaseManager.swift in Sources */,
				5E6123AE25CF64BE00B23084 /* SttingsViewController.swift in Sources */,
				5E6123BC25CF662B00B23084 /* APICaller.swift in Sources */,
				5E6123B725CF655F00B23084 /* PostViewController.swift in Sources */,
				5E61239D25CF646E00B23084 /* CameraViewController.swift in Sources */,
				5E6123B425CF651000B23084 /* TabBarViewController.swift in Sources */,
				5E6123A025CF647900B23084 /* NotificationViewController.swift in Sources */,
				5EF95F8025CF4373008FB214 /* AppDelegate.swift in Sources */,
				5E6123C525CF665D00B23084 /* AuthenticationManager.swift in Sources */,
				5E6123A725CF64A900B23084 /* SignInViewController.swift in Sources */,
				5E61239925CF645200B23084 /* ProfileViewController.swift in Sources */,
				5E6123AB25CF64B300B23084 /* SignUpViewController.swift in Sources */,
				5E6123A325CF648500B23084 /* ExploreViewController.swift in Sources */,
				5EF95F8225CF4373008FB214 /* SceneDelegate.swift in Sources */,
				5E6123C825CF666800B23084 /* HapticManager.swift in Sources */,
				5E6123C225CF664C00B23084 /* StorageManager.swift in Sources */,
			);
			runOnlyForDeploymentPostprocessing = 0;
		};
/* End PBXSourcesBuildPhase section */

/* Begin PBXVariantGroup section */
		5EF95F8A25CF4377008FB214 /* LaunchScreen.storyboard */ = {
			isa = PBXVariantGroup;
			children = (
				5EF95F8B25CF4377008FB214 /* Base */,
			);
			name = LaunchScreen.storyboard;
			sourceTree = "<group>";
		};
/* End PBXVariantGroup section */

/* Begin XCBuildConfiguration section */
		5EF95F8E25CF4377008FB214 /* Debug */ = {
			isa = XCBuildConfiguration;
			buildSettings = {
				ALWAYS_SEARCH_USER_PATHS = NO;
				CLANG_ANALYZER_NONNULL = YES;
				CLANG_ANALYZER_NUMBER_OBJECT_CONVERSION = YES_AGGRESSIVE;
				CLANG_CXX_LANGUAGE_STANDARD = "gnu++14";
				CLANG_CXX_LIBRARY = "libc++";
				CLANG_ENABLE_MODULES = YES;
				CLANG_ENABLE_OBJC_ARC = YES;
				CLANG_ENABLE_OBJC_WEAK = YES;
				CLANG_WARN_BLOCK_CAPTURE_AUTORELEASING = YES;
				CLANG_WARN_BOOL_CONVERSION = YES;
				CLANG_WARN_COMMA = YES;
				CLANG_WARN_CONSTANT_CONVERSION = YES;
				CLANG_WARN_DEPRECATED_OBJC_IMPLEMENTATIONS = YES;
				CLANG_WARN_DIRECT_OBJC_ISA_USAGE = YES_ERROR;
				CLANG_WARN_DOCUMENTATION_COMMENTS = YES;
				CLANG_WARN_EMPTY_BODY = YES;
				CLANG_WARN_ENUM_CONVERSION = YES;
				CLANG_WARN_INFINITE_RECURSION = YES;
				CLANG_WARN_INT_CONVERSION = YES;
				CLANG_WARN_NON_LITERAL_NULL_CONVERSION = YES;
				CLANG_WARN_OBJC_IMPLICIT_RETAIN_SELF = YES;
				CLANG_WARN_OBJC_LITERAL_CONVERSION = YES;
				CLANG_WARN_OBJC_ROOT_CLASS = YES_ERROR;
				CLANG_WARN_QUOTED_INCLUDE_IN_FRAMEWORK_HEADER = YES;
				CLANG_WARN_RANGE_LOOP_ANALYSIS = YES;
				CLANG_WARN_STRICT_PROTOTYPES = YES;
				CLANG_WARN_SUSPICIOUS_MOVE = YES;
				CLANG_WARN_UNGUARDED_AVAILABILITY = YES_AGGRESSIVE;
				CLANG_WARN_UNREACHABLE_CODE = YES;
				CLANG_WARN__DUPLICATE_METHOD_MATCH = YES;
				COPY_PHASE_STRIP = NO;
				DEBUG_INFORMATION_FORMAT = dwarf;
				ENABLE_STRICT_OBJC_MSGSEND = YES;
				ENABLE_TESTABILITY = YES;
				GCC_C_LANGUAGE_STANDARD = gnu11;
				GCC_DYNAMIC_NO_PIC = NO;
				GCC_NO_COMMON_BLOCKS = YES;
				GCC_OPTIMIZATION_LEVEL = 0;
				GCC_PREPROCESSOR_DEFINITIONS = (
					"DEBUG=1",
					"$(inherited)",
				);
				GCC_WARN_64_TO_32_BIT_CONVERSION = YES;
				GCC_WARN_ABOUT_RETURN_TYPE = YES_ERROR;
				GCC_WARN_UNDECLARED_SELECTOR = YES;
				GCC_WARN_UNINITIALIZED_AUTOS = YES_AGGRESSIVE;
				GCC_WARN_UNUSED_FUNCTION = YES;
				GCC_WARN_UNUSED_VARIABLE = YES;
				IPHONEOS_DEPLOYMENT_TARGET = 14.3;
				MTL_ENABLE_DEBUG_INFO = INCLUDE_SOURCE;
				MTL_FAST_MATH = YES;
				ONLY_ACTIVE_ARCH = YES;
				SDKROOT = iphoneos;
				SWIFT_ACTIVE_COMPILATION_CONDITIONS = DEBUG;
				SWIFT_OPTIMIZATION_LEVEL = "-Onone";
			};
			name = Debug;
		};
		5EF95F8F25CF4377008FB214 /* Release */ = {
			isa = XCBuildConfiguration;
			buildSettings = {
				ALWAYS_SEARCH_USER_PATHS = NO;
				CLANG_ANALYZER_NONNULL = YES;
				CLANG_ANALYZER_NUMBER_OBJECT_CONVERSION = YES_AGGRESSIVE;
				CLANG_CXX_LANGUAGE_STANDARD = "gnu++14";
				CLANG_CXX_LIBRARY = "libc++";
				CLANG_ENABLE_MODULES = YES;
				CLANG_ENABLE_OBJC_ARC = YES;
				CLANG_ENABLE_OBJC_WEAK = YES;
				CLANG_WARN_BLOCK_CAPTURE_AUTORELEASING = YES;
				CLANG_WARN_BOOL_CONVERSION = YES;
				CLANG_WARN_COMMA = YES;
				CLANG_WARN_CONSTANT_CONVERSION = YES;
				CLANG_WARN_DEPRECATED_OBJC_IMPLEMENTATIONS = YES;
				CLANG_WARN_DIRECT_OBJC_ISA_USAGE = YES_ERROR;
				CLANG_WARN_DOCUMENTATION_COMMENTS = YES;
				CLANG_WARN_EMPTY_BODY = YES;
				CLANG_WARN_ENUM_CONVERSION = YES;
				CLANG_WARN_INFINITE_RECURSION = YES;
				CLANG_WARN_INT_CONVERSION = YES;
				CLANG_WARN_NON_LITERAL_NULL_CONVERSION = YES;
				CLANG_WARN_OBJC_IMPLICIT_RETAIN_SELF = YES;
				CLANG_WARN_OBJC_LITERAL_CONVERSION = YES;
				CLANG_WARN_OBJC_ROOT_CLASS = YES_ERROR;
				CLANG_WARN_QUOTED_INCLUDE_IN_FRAMEWORK_HEADER = YES;
				CLANG_WARN_RANGE_LOOP_ANALYSIS = YES;
				CLANG_WARN_STRICT_PROTOTYPES = YES;
				CLANG_WARN_SUSPICIOUS_MOVE = YES;
				CLANG_WARN_UNGUARDED_AVAILABILITY = YES_AGGRESSIVE;
				CLANG_WARN_UNREACHABLE_CODE = YES;
				CLANG_WARN__DUPLICATE_METHOD_MATCH = YES;
				COPY_PHASE_STRIP = NO;
				DEBUG_INFORMATION_FORMAT = "dwarf-with-dsym";
				ENABLE_NS_ASSERTIONS = NO;
				ENABLE_STRICT_OBJC_MSGSEND = YES;
				GCC_C_LANGUAGE_STANDARD = gnu11;
				GCC_NO_COMMON_BLOCKS = YES;
				GCC_WARN_64_TO_32_BIT_CONVERSION = YES;
				GCC_WARN_ABOUT_RETURN_TYPE = YES_ERROR;
				GCC_WARN_UNDECLARED_SELECTOR = YES;
				GCC_WARN_UNINITIALIZED_AUTOS = YES_AGGRESSIVE;
				GCC_WARN_UNUSED_FUNCTION = YES;
				GCC_WARN_UNUSED_VARIABLE = YES;
				IPHONEOS_DEPLOYMENT_TARGET = 14.3;
				MTL_ENABLE_DEBUG_INFO = NO;
				MTL_FAST_MATH = YES;
				SDKROOT = iphoneos;
				SWIFT_COMPILATION_MODE = wholemodule;
				SWIFT_OPTIMIZATION_LEVEL = "-O";
				VALIDATE_PRODUCT = YES;
			};
			name = Release;
		};
		5EF95F9125CF4377008FB214 /* Debug */ = {
			isa = XCBuildConfiguration;
			baseConfigurationReference = DE2B46AAA4E5B1DFA8DC00B1 /* Pods-TikTok-Clone.debug.xcconfig */;
			buildSettings = {
				ASSETCATALOG_COMPILER_APPICON_NAME = AppIcon;
				ASSETCATALOG_COMPILER_GLOBAL_ACCENT_COLOR_NAME = AccentColor;
				CODE_SIGN_STYLE = Automatic;
				DEVELOPMENT_TEAM = 8CW2632N57;
				INFOPLIST_FILE = "TikTok-Clone/Info.plist";
				LD_RUNPATH_SEARCH_PATHS = (
					"$(inherited)",
					"@executable_path/Frameworks",
				);
				PRODUCT_BUNDLE_IDENTIFIER = "amitbiswas.TikTok-Clone";
				PRODUCT_NAME = "$(TARGET_NAME)";
				SWIFT_VERSION = 5.0;
				TARGETED_DEVICE_FAMILY = "1,2";
			};
			name = Debug;
		};
		5EF95F9225CF4377008FB214 /* Release */ = {
			isa = XCBuildConfiguration;
			baseConfigurationReference = CC54CF342231486298437E15 /* Pods-TikTok-Clone.release.xcconfig */;
			buildSettings = {
				ASSETCATALOG_COMPILER_APPICON_NAME = AppIcon;
				ASSETCATALOG_COMPILER_GLOBAL_ACCENT_COLOR_NAME = AccentColor;
				CODE_SIGN_STYLE = Automatic;
				DEVELOPMENT_TEAM = 8CW2632N57;
				INFOPLIST_FILE = "TikTok-Clone/Info.plist";
				LD_RUNPATH_SEARCH_PATHS = (
					"$(inherited)",
					"@executable_path/Frameworks",
				);
				PRODUCT_BUNDLE_IDENTIFIER = "amitbiswas.TikTok-Clone";
				PRODUCT_NAME = "$(TARGET_NAME)";
				SWIFT_VERSION = 5.0;
				TARGETED_DEVICE_FAMILY = "1,2";
			};
			name = Release;
		};
/* End XCBuildConfiguration section */

/* Begin XCConfigurationList section */
		5EF95F7725CF4373008FB214 /* Build configuration list for PBXProject "TikTok-Clone" */ = {
			isa = XCConfigurationList;
			buildConfigurations = (
				5EF95F8E25CF4377008FB214 /* Debug */,
				5EF95F8F25CF4377008FB214 /* Release */,
			);
			defaultConfigurationIsVisible = 0;
			defaultConfigurationName = Release;
		};
		5EF95F9025CF4377008FB214 /* Build configuration list for PBXNativeTarget "TikTok-Clone" */ = {
			isa = XCConfigurationList;
			buildConfigurations = (
				5EF95F9125CF4377008FB214 /* Debug */,
				5EF95F9225CF4377008FB214 /* Release */,
			);
			defaultConfigurationIsVisible = 0;
			defaultConfigurationName = Release;
		};
/* End XCConfigurationList section */
	};
	rootObject = 5EF95F7425CF4373008FB214 /* Project object */;
}
